
Microsoft Visual Studio Solution File, Format Version 12.00
# Visual Studio Version 16
VisualStudioVersion = 16.0.31729.503
MinimumVisualStudioVersion = 10.0.40219.1
Project("{9A19103F-16F7-4668-BE54-9A1E7A4F7556}") = "AppFacultad", "AppFacultad\AppFacultad.csproj", "{D70D2187-84E9-4468-B6DD-24209F6F72E8}"
EndProject
Project("{FAE04EC0-301F-11D3-BF4B-00C04F79EFBC}") = "ModeloEmpresa", "ModeloEmpresa\ModeloEmpresa.csproj", "{0A0A749B-77D7-4615-AA2C-FCE41AFE3248}"
EndProject
Global
	GlobalSection(SolutionConfigurationPlatforms) = preSolution
		Debug|Any CPU = Debug|Any CPU
		Release|Any CPU = Release|Any CPU
	EndGlobalSection
	GlobalSection(ProjectConfigurationPlatforms) = postSolution
		{D70D2187-84E9-4468-B6DD-24209F6F72E8}.Debug|Any CPU.ActiveCfg = Debug|Any CPU
		{D70D2187-84E9-4468-B6DD-24209F6F72E8}.Debug|Any CPU.Build.0 = Debug|Any CPU
		{D70D2187-84E9-4468-B6DD-24209F6F72E8}.Release|Any CPU.ActiveCfg = Release|Any CPU
		{D70D2187-84E9-4468-B6DD-24209F6F72E8}.Release|Any CPU.Build.0 = Release|Any CPU
		{0A0A749B-77D7-4615-AA2C-FCE41AFE3248}.Debug|Any CPU.ActiveCfg = Debug|Any CPU
		{0A0A749B-77D7-4615-AA2C-FCE41AFE3248}.Debug|Any CPU.Build.0 = Debug|Any CPU
		{0A0A749B-77D7-4615-AA2C-FCE41AFE3248}.Release|Any CPU.ActiveCfg = Release|Any CPU
		{0A0A749B-77D7-4615-AA2C-FCE41AFE3248}.Release|Any CPU.Build.0 = Release|Any CPU
	EndGlobalSection
	GlobalSection(SolutionProperties) = preSolution
		HideSolutionNode = FALSE
	EndGlobalSection
	GlobalSection(ExtensibilityGlobals) = postSolution
		SolutionGuid = {90B10B31-0A9E-42D9-9262-79D5CFAF3BFB}
	EndGlobalSection
EndGlobal
